// !$*UTF8*$!
{
	archiveVersion = 1;
	classes = {
	};
	objectVersion = 51;
	objects = {

/* Begin PBXBuildFile section */
		2607522025AF8DEF009B710F /* SecondTableViewController.swift in Sources */ = {isa = PBXBuildFile; fileRef = 2607521F25AF8DEE009B710F /* SecondTableViewController.swift */; };
		262D058B25A5DD3A0028FFF1 /* MainViewController.swift in Sources */ = {isa = PBXBuildFile; fileRef = 262D058925A5DD3A0028FFF1 /* MainViewController.swift */; };
		262D059B25A6004B0028FFF1 /* NetworkManager.swift in Sources */ = {isa = PBXBuildFile; fileRef = 262D059A25A6004B0028FFF1 /* NetworkManager.swift */; };
		262D061025A6670F0028FFF1 /* Calculator.storyboard in Resources */ = {isa = PBXBuildFile; fileRef = 262D060F25A6670F0028FFF1 /* Calculator.storyboard */; };
		262D067F25A89A340028FFF1 /* MainTableViewCell.swift in Sources */ = {isa = PBXBuildFile; fileRef = 262D067E25A89A340028FFF1 /* MainTableViewCell.swift */; };
		263D0D6325C4858600F0173A /* PartsTableViewController.swift in Sources */ = {isa = PBXBuildFile; fileRef = 263D0D6225C4858600F0173A /* PartsTableViewController.swift */; };
		263D0D6825C5B4F300F0173A /* ScrollViewManager.swift in Sources */ = {isa = PBXBuildFile; fileRef = 263D0D6725C5B4F300F0173A /* ScrollViewManager.swift */; };
		263D0D6C25C5B5E900F0173A /* ImagesCollectionVC.swift in Sources */ = {isa = PBXBuildFile; fileRef = 263D0D6B25C5B5E900F0173A /* ImagesCollectionVC.swift */; };
		263D0D6F25C5B6A400F0173A /* ImagesCollectionViewCell.swift in Sources */ = {isa = PBXBuildFile; fileRef = 263D0D6E25C5B6A400F0173A /* ImagesCollectionViewCell.swift */; };
		263D0D7825C71ACB00F0173A /* DetailImageViewController.swift in Sources */ = {isa = PBXBuildFile; fileRef = 263D0D7725C71ACB00F0173A /* DetailImageViewController.swift */; };
		2642F91125A1F0D3003CB42A /* AppDelegate.swift in Sources */ = {isa = PBXBuildFile; fileRef = 2642F91025A1F0D3003CB42A /* AppDelegate.swift */; };
		2642F91325A1F0D3003CB42A /* SceneDelegate.swift in Sources */ = {isa = PBXBuildFile; fileRef = 2642F91225A1F0D3003CB42A /* SceneDelegate.swift */; };
		2642F91825A1F0D3003CB42A /* MainViewController.storyboard in Resources */ = {isa = PBXBuildFile; fileRef = 2642F91625A1F0D3003CB42A /* MainViewController.storyboard */; };
		2642F91A25A1F0D5003CB42A /* Assets.xcassets in Resources */ = {isa = PBXBuildFile; fileRef = 2642F91925A1F0D5003CB42A /* Assets.xcassets */; };
		2642F91D25A1F0D5003CB42A /* LaunchScreen.storyboard in Resources */ = {isa = PBXBuildFile; fileRef = 2642F91B25A1F0D5003CB42A /* LaunchScreen.storyboard */; };
		2686CC7225D7E3F50014366E /* SecondTableViewCell.swift in Sources */ = {isa = PBXBuildFile; fileRef = 2686CC7125D7E3F50014366E /* SecondTableViewCell.swift */; };
		2686CC7525D7E4CC0014366E /* AppColors.swift in Sources */ = {isa = PBXBuildFile; fileRef = 2686CC7425D7E4CC0014366E /* AppColors.swift */; };
		26CF176425D7EA8B007A6B6A /* PartsTableViewCell.swift in Sources */ = {isa = PBXBuildFile; fileRef = 26CF176325D7EA8B007A6B6A /* PartsTableViewCell.swift */; };
		26CF176B25D90FD5007A6B6A /* UINavigationControllerExtension.swift in Sources */ = {isa = PBXBuildFile; fileRef = 26CF176A25D90FD5007A6B6A /* UINavigationControllerExtension.swift */; };
		26FDAC2525A310CF00AF16FF /* GoogleService-Info.plist in Resources */ = {isa = PBXBuildFile; fileRef = 26FDAC2425A310CF00AF16FF /* GoogleService-Info.plist */; };
		26FDAC8A25A4E89B00AF16FF /* DataModel.swift in Sources */ = {isa = PBXBuildFile; fileRef = 26FDAC8925A4E89B00AF16FF /* DataModel.swift */; };
		78597C9B50E0A82A8805D775 /* Pods_MyPump.framework in Frameworks */ = {isa = PBXBuildFile; fileRef = 99410BB3EBA606F2B2A383A9 /* Pods_MyPump.framework */; };
		94D426DD25A530C5001DB1D7 /* Tabbar.storyboard in Resources */ = {isa = PBXBuildFile; fileRef = 94D426DC25A530C5001DB1D7 /* Tabbar.storyboard */; };
		94D426FE25A535BD001DB1D7 /* Setting.storyboard in Resources */ = {isa = PBXBuildFile; fileRef = 94D426FD25A535BD001DB1D7 /* Setting.storyboard */; };
		94D4270325A535DB001DB1D7 /* CalculatorViewController.swift in Sources */ = {isa = PBXBuildFile; fileRef = 94D4270225A535DB001DB1D7 /* CalculatorViewController.swift */; };
		94D4270825A535EC001DB1D7 /* SettingViewController.swift in Sources */ = {isa = PBXBuildFile; fileRef = 94D4270725A535EC001DB1D7 /* SettingViewController.swift */; };
/* End PBXBuildFile section */

/* Begin PBXFileReference section */
		053F50A850914E590C4F3BFA /* Pods-MyPump.debug.xcconfig */ = {isa = PBXFileReference; includeInIndex = 1; lastKnownFileType = text.xcconfig; name = "Pods-MyPump.debug.xcconfig"; path = "Target Support Files/Pods-MyPump/Pods-MyPump.debug.xcconfig"; sourceTree = "<group>"; };
		1559DAAF07261E9863B919A5 /* Pods-MyPump.release.xcconfig */ = {isa = PBXFileReference; includeInIndex = 1; lastKnownFileType = text.xcconfig; name = "Pods-MyPump.release.xcconfig"; path = "Target Support Files/Pods-MyPump/Pods-MyPump.release.xcconfig"; sourceTree = "<group>"; };
		2607521F25AF8DEE009B710F /* SecondTableViewController.swift */ = {isa = PBXFileReference; lastKnownFileType = sourcecode.swift; path = SecondTableViewController.swift; sourceTree = "<group>"; };
		262D058925A5DD3A0028FFF1 /* MainViewController.swift */ = {isa = PBXFileReference; lastKnownFileType = sourcecode.swift; path = MainViewController.swift; sourceTree = "<group>"; };
		262D059A25A6004B0028FFF1 /* NetworkManager.swift */ = {isa = PBXFileReference; lastKnownFileType = sourcecode.swift; path = NetworkManager.swift; sourceTree = "<group>"; };
		262D060F25A6670F0028FFF1 /* Calculator.storyboard */ = {isa = PBXFileReference; lastKnownFileType = file.storyboard; path = Calculator.storyboard; sourceTree = "<group>"; };
		262D067E25A89A340028FFF1 /* MainTableViewCell.swift */ = {isa = PBXFileReference; lastKnownFileType = sourcecode.swift; path = MainTableViewCell.swift; sourceTree = "<group>"; };
		263D0D6225C4858600F0173A /* PartsTableViewController.swift */ = {isa = PBXFileReference; lastKnownFileType = sourcecode.swift; path = PartsTableViewController.swift; sourceTree = "<group>"; };
		263D0D6725C5B4F300F0173A /* ScrollViewManager.swift */ = {isa = PBXFileReference; lastKnownFileType = sourcecode.swift; path = ScrollViewManager.swift; sourceTree = "<group>"; };
		263D0D6B25C5B5E900F0173A /* ImagesCollectionVC.swift */ = {isa = PBXFileReference; lastKnownFileType = sourcecode.swift; path = ImagesCollectionVC.swift; sourceTree = "<group>"; };
		263D0D6E25C5B6A400F0173A /* ImagesCollectionViewCell.swift */ = {isa = PBXFileReference; lastKnownFileType = sourcecode.swift; path = ImagesCollectionViewCell.swift; sourceTree = "<group>"; };
		263D0D7725C71ACB00F0173A /* DetailImageViewController.swift */ = {isa = PBXFileReference; lastKnownFileType = sourcecode.swift; path = DetailImageViewController.swift; sourceTree = "<group>"; };
		2642F90D25A1F0D3003CB42A /* MyPump.app */ = {isa = PBXFileReference; explicitFileType = wrapper.application; includeInIndex = 0; path = MyPump.app; sourceTree = BUILT_PRODUCTS_DIR; };
		2642F91025A1F0D3003CB42A /* AppDelegate.swift */ = {isa = PBXFileReference; lastKnownFileType = sourcecode.swift; path = AppDelegate.swift; sourceTree = "<group>"; };
		2642F91225A1F0D3003CB42A /* SceneDelegate.swift */ = {isa = PBXFileReference; lastKnownFileType = sourcecode.swift; path = SceneDelegate.swift; sourceTree = "<group>"; };
		2642F91725A1F0D3003CB42A /* Base */ = {isa = PBXFileReference; lastKnownFileType = file.storyboard; name = Base; path = Base.lproj/MainViewController.storyboard; sourceTree = "<group>"; };
		2642F91925A1F0D5003CB42A /* Assets.xcassets */ = {isa = PBXFileReference; lastKnownFileType = folder.assetcatalog; path = Assets.xcassets; sourceTree = "<group>"; };
		2642F91C25A1F0D5003CB42A /* Base */ = {isa = PBXFileReference; lastKnownFileType = file.storyboard; name = Base; path = Base.lproj/LaunchScreen.storyboard; sourceTree = "<group>"; };
		2642F91E25A1F0D5003CB42A /* Info.plist */ = {isa = PBXFileReference; lastKnownFileType = text.plist.xml; path = Info.plist; sourceTree = "<group>"; };
		2686CC7125D7E3F50014366E /* SecondTableViewCell.swift */ = {isa = PBXFileReference; lastKnownFileType = sourcecode.swift; path = SecondTableViewCell.swift; sourceTree = "<group>"; };
		2686CC7425D7E4CC0014366E /* AppColors.swift */ = {isa = PBXFileReference; lastKnownFileType = sourcecode.swift; path = AppColors.swift; sourceTree = "<group>"; };
		26CF176325D7EA8B007A6B6A /* PartsTableViewCell.swift */ = {isa = PBXFileReference; lastKnownFileType = sourcecode.swift; path = PartsTableViewCell.swift; sourceTree = "<group>"; };
		26CF176A25D90FD5007A6B6A /* UINavigationControllerExtension.swift */ = {isa = PBXFileReference; lastKnownFileType = sourcecode.swift; path = UINavigationControllerExtension.swift; sourceTree = "<group>"; };
		26FDAC2425A310CF00AF16FF /* GoogleService-Info.plist */ = {isa = PBXFileReference; fileEncoding = 4; lastKnownFileType = text.plist.xml; path = "GoogleService-Info.plist"; sourceTree = "<group>"; };
		26FDAC8925A4E89B00AF16FF /* DataModel.swift */ = {isa = PBXFileReference; lastKnownFileType = sourcecode.swift; path = DataModel.swift; sourceTree = "<group>"; };
		94D426DC25A530C5001DB1D7 /* Tabbar.storyboard */ = {isa = PBXFileReference; lastKnownFileType = file.storyboard; path = Tabbar.storyboard; sourceTree = "<group>"; };
		94D426FD25A535BD001DB1D7 /* Setting.storyboard */ = {isa = PBXFileReference; lastKnownFileType = file.storyboard; path = Setting.storyboard; sourceTree = "<group>"; };
		94D4270225A535DB001DB1D7 /* CalculatorViewController.swift */ = {isa = PBXFileReference; lastKnownFileType = sourcecode.swift; path = CalculatorViewController.swift; sourceTree = "<group>"; };
		94D4270725A535EC001DB1D7 /* SettingViewController.swift */ = {isa = PBXFileReference; lastKnownFileType = sourcecode.swift; path = SettingViewController.swift; sourceTree = "<group>"; };
		99410BB3EBA606F2B2A383A9 /* Pods_MyPump.framework */ = {isa = PBXFileReference; explicitFileType = wrapper.framework; includeInIndex = 0; path = Pods_MyPump.framework; sourceTree = BUILT_PRODUCTS_DIR; };
/* End PBXFileReference section */

/* Begin PBXFrameworksBuildPhase section */
		2642F90A25A1F0D3003CB42A /* Frameworks */ = {
			isa = PBXFrameworksBuildPhase;
			buildActionMask = 2147483647;
			files = (
				78597C9B50E0A82A8805D775 /* Pods_MyPump.framework in Frameworks */,
			);
			runOnlyForDeploymentPostprocessing = 0;
		};
/* End PBXFrameworksBuildPhase section */

/* Begin PBXGroup section */
		262D059925A600370028FFF1 /* Managers */ = {
			isa = PBXGroup;
			children = (
				262D059A25A6004B0028FFF1 /* NetworkManager.swift */,
			);
			path = Managers;
			sourceTree = "<group>";
		};
		262D067D25A89A1E0028FFF1 /* Cells */ = {
			isa = PBXGroup;
			children = (
				262D067E25A89A340028FFF1 /* MainTableViewCell.swift */,
				2686CC7125D7E3F50014366E /* SecondTableViewCell.swift */,
				26CF176325D7EA8B007A6B6A /* PartsTableViewCell.swift */,
				263D0D6E25C5B6A400F0173A /* ImagesCollectionViewCell.swift */,
			);
			path = Cells;
			sourceTree = "<group>";
		};
		263D0D6625C5B49A00F0173A /* Extensions */ = {
			isa = PBXGroup;
			children = (
				263D0D6725C5B4F300F0173A /* ScrollViewManager.swift */,
				2686CC7425D7E4CC0014366E /* AppColors.swift */,
				26CF176A25D90FD5007A6B6A /* UINavigationControllerExtension.swift */,
			);
			path = Extensions;
			sourceTree = "<group>";
		};
		2642F90425A1F0D3003CB42A = {
			isa = PBXGroup;
			children = (
				2642F90F25A1F0D3003CB42A /* MyPump */,
				F96B59425C11AB570AF8CF64 /* Pods */,
				B90447658D7F67CFE4106562 /* Frameworks */,
			);
			sourceTree = "<group>";
		};
		2642F90E25A1F0D3003CB42A /* Products */ = {
			isa = PBXGroup;
			children = (
				2642F90D25A1F0D3003CB42A /* MyPump.app */,
			);
			name = Products;
			path = ..;
			sourceTree = "<group>";
		};
		2642F90F25A1F0D3003CB42A /* MyPump */ = {
			isa = PBXGroup;
			children = (
				2642F91025A1F0D3003CB42A /* AppDelegate.swift */,
				9471E59E25A51DF800519C77 /* MVC */,
				94D4270F25A53773001DB1D7 /* Resource */,
				2642F91E25A1F0D5003CB42A /* Info.plist */,
				26FDAC2425A310CF00AF16FF /* GoogleService-Info.plist */,
				2642F90E25A1F0D3003CB42A /* Products */,
			);
			path = MyPump;
			sourceTree = "<group>";
		};
		265EF04325A253B000290725 /* Controllers */ = {
			isa = PBXGroup;
			children = (
				94D426DB25A530AB001DB1D7 /* Tabbar */,
				94D426E425A531D6001DB1D7 /* MainViewController */,
				94D426EE25A53539001DB1D7 /* CalculatorViewController */,
				94D426EF25A53552001DB1D7 /* SettingViewController */,
			);
			path = Controllers;
			sourceTree = "<group>";
		};
		26FDAC3125A36D6A00AF16FF /* Models */ = {
			isa = PBXGroup;
			children = (
				26FDAC8925A4E89B00AF16FF /* DataModel.swift */,
			);
			path = Models;
			sourceTree = "<group>";
		};
		9471E59E25A51DF800519C77 /* MVC */ = {
			isa = PBXGroup;
			children = (
				263D0D6625C5B49A00F0173A /* Extensions */,
				262D067D25A89A1E0028FFF1 /* Cells */,
				262D059925A600370028FFF1 /* Managers */,
				26FDAC3125A36D6A00AF16FF /* Models */,
				265EF04325A253B000290725 /* Controllers */,
			);
			path = MVC;
			sourceTree = "<group>";
		};
		94D426DB25A530AB001DB1D7 /* Tabbar */ = {
			isa = PBXGroup;
			children = (
				94D426DC25A530C5001DB1D7 /* Tabbar.storyboard */,
			);
			path = Tabbar;
			sourceTree = "<group>";
		};
		94D426E425A531D6001DB1D7 /* MainViewController */ = {
			isa = PBXGroup;
			children = (
				2642F91625A1F0D3003CB42A /* MainViewController.storyboard */,
				262D058925A5DD3A0028FFF1 /* MainViewController.swift */,
				2607521F25AF8DEE009B710F /* SecondTableViewController.swift */,
				263D0D6225C4858600F0173A /* PartsTableViewController.swift */,
				263D0D6B25C5B5E900F0173A /* ImagesCollectionVC.swift */,
				263D0D7725C71ACB00F0173A /* DetailImageViewController.swift */,
			);
			path = MainViewController;
			sourceTree = "<group>";
		};
		94D426EE25A53539001DB1D7 /* CalculatorViewController */ = {
			isa = PBXGroup;
			children = (
				94D4270225A535DB001DB1D7 /* CalculatorViewController.swift */,
				262D060F25A6670F0028FFF1 /* Calculator.storyboard */,
			);
			path = CalculatorViewController;
			sourceTree = "<group>";
		};
		94D426EF25A53552001DB1D7 /* SettingViewController */ = {
			isa = PBXGroup;
			children = (
				94D4270725A535EC001DB1D7 /* SettingViewController.swift */,
				94D426FD25A535BD001DB1D7 /* Setting.storyboard */,
			);
			path = SettingViewController;
			sourceTree = "<group>";
		};
		94D4270F25A53773001DB1D7 /* Resource */ = {
			isa = PBXGroup;
			children = (
				2642F91925A1F0D5003CB42A /* Assets.xcassets */,
				2642F91B25A1F0D5003CB42A /* LaunchScreen.storyboard */,
				2642F91225A1F0D3003CB42A /* SceneDelegate.swift */,
			);
			path = Resource;
			sourceTree = "<group>";
		};
		B90447658D7F67CFE4106562 /* Frameworks */ = {
			isa = PBXGroup;
			children = (
				99410BB3EBA606F2B2A383A9 /* Pods_MyPump.framework */,
			);
			name = Frameworks;
			sourceTree = "<group>";
		};
		F96B59425C11AB570AF8CF64 /* Pods */ = {
			isa = PBXGroup;
			children = (
				053F50A850914E590C4F3BFA /* Pods-MyPump.debug.xcconfig */,
				1559DAAF07261E9863B919A5 /* Pods-MyPump.release.xcconfig */,
			);
			path = Pods;
			sourceTree = "<group>";
		};
/* End PBXGroup section */

/* Begin PBXNativeTarget section */
		2642F90C25A1F0D3003CB42A /* MyPump */ = {
			isa = PBXNativeTarget;
			buildConfigurationList = 2642F93725A1F0D5003CB42A /* Build configuration list for PBXNativeTarget "MyPump" */;
			buildPhases = (
				C21B91C0547BA3513EF53ABE /* [CP] Check Pods Manifest.lock */,
				948939D625B5E9D00002E296 /* ShellScript */,
				2642F90925A1F0D3003CB42A /* Sources */,
				2642F90A25A1F0D3003CB42A /* Frameworks */,
				2642F90B25A1F0D3003CB42A /* Resources */,
				04EE73FE165A7DDDECEF8530 /* [CP] Embed Pods Frameworks */,
			);
			buildRules = (
			);
			dependencies = (
			);
			name = MyPump;
			productName = MyPump;
			productReference = 2642F90D25A1F0D3003CB42A /* MyPump.app */;
			productType = "com.apple.product-type.application";
		};
/* End PBXNativeTarget section */

/* Begin PBXProject section */
		2642F90525A1F0D3003CB42A /* Project object */ = {
			isa = PBXProject;
			attributes = {
				LastSwiftUpdateCheck = 1230;
				LastUpgradeCheck = 1230;
				TargetAttributes = {
					2642F90C25A1F0D3003CB42A = {
						CreatedOnToolsVersion = 12.3;
					};
				};
			};
			buildConfigurationList = 2642F90825A1F0D3003CB42A /* Build configuration list for PBXProject "MyPump" */;
			compatibilityVersion = "Xcode 9.3";
			developmentRegion = en;
			hasScannedForEncodings = 0;
			knownRegions = (
				en,
				Base,
			);
			mainGroup = 2642F90425A1F0D3003CB42A;
			productRefGroup = 2642F90E25A1F0D3003CB42A /* Products */;
			projectDirPath = "";
			projectRoot = "";
			targets = (
				2642F90C25A1F0D3003CB42A /* MyPump */,
			);
		};
/* End PBXProject section */

/* Begin PBXResourcesBuildPhase section */
		2642F90B25A1F0D3003CB42A /* Resources */ = {
			isa = PBXResourcesBuildPhase;
			buildActionMask = 2147483647;
			files = (
				94D426DD25A530C5001DB1D7 /* Tabbar.storyboard in Resources */,
				2642F91D25A1F0D5003CB42A /* LaunchScreen.storyboard in Resources */,
				94D426FE25A535BD001DB1D7 /* Setting.storyboard in Resources */,
				2642F91A25A1F0D5003CB42A /* Assets.xcassets in Resources */,
				2642F91825A1F0D3003CB42A /* MainViewController.storyboard in Resources */,
				26FDAC2525A310CF00AF16FF /* GoogleService-Info.plist in Resources */,
				262D061025A6670F0028FFF1 /* Calculator.storyboard in Resources */,
			);
			runOnlyForDeploymentPostprocessing = 0;
		};
/* End PBXResourcesBuildPhase section */

/* Begin PBXShellScriptBuildPhase section */
		04EE73FE165A7DDDECEF8530 /* [CP] Embed Pods Frameworks */ = {
			isa = PBXShellScriptBuildPhase;
			buildActionMask = 2147483647;
			files = (
			);
			inputFileListPaths = (
				"${PODS_ROOT}/Target Support Files/Pods-MyPump/Pods-MyPump-frameworks-${CONFIGURATION}-input-files.xcfilelist",
			);
			name = "[CP] Embed Pods Frameworks";
			outputFileListPaths = (
				"${PODS_ROOT}/Target Support Files/Pods-MyPump/Pods-MyPump-frameworks-${CONFIGURATION}-output-files.xcfilelist",
			);
			runOnlyForDeploymentPostprocessing = 0;
			shellPath = /bin/sh;
			shellScript = "\"${PODS_ROOT}/Target Support Files/Pods-MyPump/Pods-MyPump-frameworks.sh\"\n";
			showEnvVarsInLog = 0;
		};
		948939D625B5E9D00002E296 /* ShellScript */ = {
			isa = PBXShellScriptBuildPhase;
			buildActionMask = 2147483647;
			files = (
			);
			inputFileListPaths = (
			);
			inputPaths = (
			);
			outputFileListPaths = (
			);
			outputPaths = (
			);
			runOnlyForDeploymentPostprocessing = 0;
			shellPath = /bin/sh;
			shellScript = "
";
		};
		C21B91C0547BA3513EF53ABE /* [CP] Check Pods Manifest.lock */ = {
			isa = PBXShellScriptBuildPhase;
			buildActionMask = 2147483647;
			files = (
			);
			inputFileListPaths = (
			);
			inputPaths = (
				"${PODS_PODFILE_DIR_PATH}/Podfile.lock",
				"${PODS_ROOT}/Manifest.lock",
			);
			name = "[CP] Check Pods Manifest.lock";
			outputFileListPaths = (
			);
			outputPaths = (
				"$(DERIVED_FILE_DIR)/Pods-MyPump-checkManifestLockResult.txt",
			);
			runOnlyForDeploymentPostprocessing = 0;
			shellPath = /bin/sh;
			shellScript = "diff \"${PODS_PODFILE_DIR_PATH}/Podfile.lock\" \"${PODS_ROOT}/Manifest.lock\" > /dev/null\nif [ $? != 0 ] ; then\n    # print error to STDERR\n    echo \"error: The sandbox is not in sync with the Podfile.lock. Run 'pod install' or update your CocoaPods installation.\" >&2\n    exit 1\nfi\n# This output is used by Xcode 'outputs' to avoid re-running this script phase.\necho \"SUCCESS\" > \"${SCRIPT_OUTPUT_FILE_0}\"\n";
			showEnvVarsInLog = 0;
		};
/* End PBXShellScriptBuildPhase section */

/* Begin PBXSourcesBuildPhase section */
		2642F90925A1F0D3003CB42A /* Sources */ = {
			isa = PBXSourcesBuildPhase;
			buildActionMask = 2147483647;
			files = (
				262D067F25A89A340028FFF1 /* MainTableViewCell.swift in Sources */,
				26CF176425D7EA8B007A6B6A /* PartsTableViewCell.swift in Sources */,
				2686CC7525D7E4CC0014366E /* AppColors.swift in Sources */,
				263D0D6F25C5B6A400F0173A /* ImagesCollectionViewCell.swift in Sources */,
				94D4270325A535DB001DB1D7 /* CalculatorViewController.swift in Sources */,
				2686CC7225D7E3F50014366E /* SecondTableViewCell.swift in Sources */,
				262D058B25A5DD3A0028FFF1 /* MainViewController.swift in Sources */,
				2607522025AF8DEF009B710F /* SecondTableViewController.swift in Sources */,
				263D0D6C25C5B5E900F0173A /* ImagesCollectionVC.swift in Sources */,
				26CF176B25D90FD5007A6B6A /* UINavigationControllerExtension.swift in Sources */,
				263D0D7825C71ACB00F0173A /* DetailImageViewController.swift in Sources */,
				26FDAC8A25A4E89B00AF16FF /* DataModel.swift in Sources */,
				263D0D6325C4858600F0173A /* PartsTableViewController.swift in Sources */,
				262D059B25A6004B0028FFF1 /* NetworkManager.swift in Sources */,
				263D0D6825C5B4F300F0173A /* ScrollViewManager.swift in Sources */,
				2642F91125A1F0D3003CB42A /* AppDelegate.swift in Sources */,
				2642F91325A1F0D3003CB42A /* SceneDelegate.swift in Sources */,
				94D4270825A535EC001DB1D7 /* SettingViewController.swift in Sources */,
			);
			runOnlyForDeploymentPostprocessing = 0;
		};
/* End PBXSourcesBuildPhase section */

/* Begin PBXVariantGroup section */
		2642F91625A1F0D3003CB42A /* MainViewController.storyboard */ = {
			isa = PBXVariantGroup;
			children = (
				2642F91725A1F0D3003CB42A /* Base */,
			);
			name = MainViewController.storyboard;
			sourceTree = "<group>";
		};
		2642F91B25A1F0D5003CB42A /* LaunchScreen.storyboard */ = {
			isa = PBXVariantGroup;
			children = (
				2642F91C25A1F0D5003CB42A /* Base */,
			);
			name = LaunchScreen.storyboard;
			sourceTree = "<group>";
		};
/* End PBXVariantGroup section */

/* Begin XCBuildConfiguration section */
		2642F93525A1F0D5003CB42A /* Debug */ = {
			isa = XCBuildConfiguration;
			buildSettings = {
				ALWAYS_SEARCH_USER_PATHS = NO;
				CLANG_ANALYZER_NONNULL = YES;
				CLANG_ANALYZER_NUMBER_OBJECT_CONVERSION = YES_AGGRESSIVE;
				CLANG_CXX_LANGUAGE_STANDARD = "gnu++14";
				CLANG_CXX_LIBRARY = "libc++";
				CLANG_ENABLE_MODULES = YES;
				CLANG_ENABLE_OBJC_ARC = YES;
				CLANG_ENABLE_OBJC_WEAK = YES;
				CLANG_WARN_BLOCK_CAPTURE_AUTORELEASING = YES;
				CLANG_WARN_BOOL_CONVERSION = YES;
				CLANG_WARN_COMMA = YES;
				CLANG_WARN_CONSTANT_CONVERSION = YES;
				CLANG_WARN_DEPRECATED_OBJC_IMPLEMENTATIONS = YES;
				CLANG_WARN_DIRECT_OBJC_ISA_USAGE = YES_ERROR;
				CLANG_WARN_DOCUMENTATION_COMMENTS = YES;
				CLANG_WARN_EMPTY_BODY = YES;
				CLANG_WARN_ENUM_CONVERSION = YES;
				CLANG_WARN_INFINITE_RECURSION = YES;
				CLANG_WARN_INT_CONVERSION = YES;
				CLANG_WARN_NON_LITERAL_NULL_CONVERSION = YES;
				CLANG_WARN_OBJC_IMPLICIT_RETAIN_SELF = YES;
				CLANG_WARN_OBJC_LITERAL_CONVERSION = YES;
				CLANG_WARN_OBJC_ROOT_CLASS = YES_ERROR;
				CLANG_WARN_QUOTED_INCLUDE_IN_FRAMEWORK_HEADER = YES;
				CLANG_WARN_RANGE_LOOP_ANALYSIS = YES;
				CLANG_WARN_STRICT_PROTOTYPES = YES;
				CLANG_WARN_SUSPICIOUS_MOVE = YES;
				CLANG_WARN_UNGUARDED_AVAILABILITY = YES_AGGRESSIVE;
				CLANG_WARN_UNREACHABLE_CODE = YES;
				CLANG_WARN__DUPLICATE_METHOD_MATCH = YES;
				COPY_PHASE_STRIP = NO;
				DEBUG_INFORMATION_FORMAT = dwarf;
				ENABLE_STRICT_OBJC_MSGSEND = YES;
				ENABLE_TESTABILITY = YES;
				GCC_C_LANGUAGE_STANDARD = gnu11;
				GCC_DYNAMIC_NO_PIC = NO;
				GCC_NO_COMMON_BLOCKS = YES;
				GCC_OPTIMIZATION_LEVEL = 0;
				GCC_PREPROCESSOR_DEFINITIONS = (
					"DEBUG=1",
					"$(inherited)",
				);
				GCC_WARN_64_TO_32_BIT_CONVERSION = YES;
				GCC_WARN_ABOUT_RETURN_TYPE = YES_ERROR;
				GCC_WARN_UNDECLARED_SELECTOR = YES;
				GCC_WARN_UNINITIALIZED_AUTOS = YES_AGGRESSIVE;
				GCC_WARN_UNUSED_FUNCTION = YES;
				GCC_WARN_UNUSED_VARIABLE = YES;
				IPHONEOS_DEPLOYMENT_TARGET = 14.0;
				MTL_ENABLE_DEBUG_INFO = INCLUDE_SOURCE;
				MTL_FAST_MATH = YES;
				ONLY_ACTIVE_ARCH = YES;
				SDKROOT = iphoneos;
				SWIFT_ACTIVE_COMPILATION_CONDITIONS = DEBUG;
				SWIFT_OPTIMIZATION_LEVEL = "-Onone";
			};
			name = Debug;
		};
		2642F93625A1F0D5003CB42A /* Release */ = {
			isa = XCBuildConfiguration;
			buildSettings = {
				ALWAYS_SEARCH_USER_PATHS = NO;
				CLANG_ANALYZER_NONNULL = YES;
				CLANG_ANALYZER_NUMBER_OBJECT_CONVERSION = YES_AGGRESSIVE;
				CLANG_CXX_LANGUAGE_STANDARD = "gnu++14";
				CLANG_CXX_LIBRARY = "libc++";
				CLANG_ENABLE_MODULES = YES;
				CLANG_ENABLE_OBJC_ARC = YES;
				CLANG_ENABLE_OBJC_WEAK = YES;
				CLANG_WARN_BLOCK_CAPTURE_AUTORELEASING = YES;
				CLANG_WARN_BOOL_CONVERSION = YES;
				CLANG_WARN_COMMA = YES;
				CLANG_WARN_CONSTANT_CONVERSION = YES;
				CLANG_WARN_DEPRECATED_OBJC_IMPLEMENTATIONS = YES;
				CLANG_WARN_DIRECT_OBJC_ISA_USAGE = YES_ERROR;
				CLANG_WARN_DOCUMENTATION_COMMENTS = YES;
				CLANG_WARN_EMPTY_BODY = YES;
				CLANG_WARN_ENUM_CONVERSION = YES;
				CLANG_WARN_INFINITE_RECURSION = YES;
				CLANG_WARN_INT_CONVERSION = YES;
				CLANG_WARN_NON_LITERAL_NULL_CONVERSION = YES;
				CLANG_WARN_OBJC_IMPLICIT_RETAIN_SELF = YES;
				CLANG_WARN_OBJC_LITERAL_CONVERSION = YES;
				CLANG_WARN_OBJC_ROOT_CLASS = YES_ERROR;
				CLANG_WARN_QUOTED_INCLUDE_IN_FRAMEWORK_HEADER = YES;
				CLANG_WARN_RANGE_LOOP_ANALYSIS = YES;
				CLANG_WARN_STRICT_PROTOTYPES = YES;
				CLANG_WARN_SUSPICIOUS_MOVE = YES;
				CLANG_WARN_UNGUARDED_AVAILABILITY = YES_AGGRESSIVE;
				CLANG_WARN_UNREACHABLE_CODE = YES;
				CLANG_WARN__DUPLICATE_METHOD_MATCH = YES;
				COPY_PHASE_STRIP = NO;
				DEBUG_INFORMATION_FORMAT = "dwarf-with-dsym";
				ENABLE_NS_ASSERTIONS = NO;
				ENABLE_STRICT_OBJC_MSGSEND = YES;
				GCC_C_LANGUAGE_STANDARD = gnu11;
				GCC_NO_COMMON_BLOCKS = YES;
				GCC_WARN_64_TO_32_BIT_CONVERSION = YES;
				GCC_WARN_ABOUT_RETURN_TYPE = YES_ERROR;
				GCC_WARN_UNDECLARED_SELECTOR = YES;
				GCC_WARN_UNINITIALIZED_AUTOS = YES_AGGRESSIVE;
				GCC_WARN_UNUSED_FUNCTION = YES;
				GCC_WARN_UNUSED_VARIABLE = YES;
				IPHONEOS_DEPLOYMENT_TARGET = 14.0;
				MTL_ENABLE_DEBUG_INFO = NO;
				MTL_FAST_MATH = YES;
				SDKROOT = iphoneos;
				SWIFT_COMPILATION_MODE = wholemodule;
				SWIFT_OPTIMIZATION_LEVEL = "-O";
				VALIDATE_PRODUCT = YES;
			};
			name = Release;
		};
		2642F93825A1F0D5003CB42A /* Debug */ = {
			isa = XCBuildConfiguration;
			baseConfigurationReference = 053F50A850914E590C4F3BFA /* Pods-MyPump.debug.xcconfig */;
			buildSettings = {
				ASSETCATALOG_COMPILER_APPICON_NAME = AppIcon;
				ASSETCATALOG_COMPILER_GLOBAL_ACCENT_COLOR_NAME = AccentColor;
				CODE_SIGN_STYLE = Automatic;
				DEVELOPMENT_TEAM = W4W7NWC566;
				INFOPLIST_FILE = MyPump/Info.plist;
				LD_RUNPATH_SEARCH_PATHS = (
					"$(inherited)",
					"@executable_path/Frameworks",
				);
				PRODUCT_BUNDLE_IDENTIFIER = com.AlexMike.MyPump;
				PRODUCT_NAME = "$(TARGET_NAME)";
				SWIFT_VERSION = 5.0;
				TARGETED_DEVICE_FAMILY = "1,2";
			};
			name = Debug;
		};
		2642F93925A1F0D5003CB42A /* Release */ = {
			isa = XCBuildConfiguration;
			baseConfigurationReference = 1559DAAF07261E9863B919A5 /* Pods-MyPump.release.xcconfig */;
			buildSettings = {
				ASSETCATALOG_COMPILER_APPICON_NAME = AppIcon;
				ASSETCATALOG_COMPILER_GLOBAL_ACCENT_COLOR_NAME = AccentColor;
				CODE_SIGN_STYLE = Automatic;
				DEVELOPMENT_TEAM = W4W7NWC566;
				INFOPLIST_FILE = MyPump/Info.plist;
				LD_RUNPATH_SEARCH_PATHS = (
					"$(inherited)",
					"@executable_path/Frameworks",
				);
				PRODUCT_BUNDLE_IDENTIFIER = com.AlexMike.MyPump;
				PRODUCT_NAME = "$(TARGET_NAME)";
				SWIFT_VERSION = 5.0;
				TARGETED_DEVICE_FAMILY = "1,2";
			};
			name = Release;
		};
/* End XCBuildConfiguration section */

/* Begin XCConfigurationList section */
		2642F90825A1F0D3003CB42A /* Build configuration list for PBXProject "MyPump" */ = {
			isa = XCConfigurationList;
			buildConfigurations = (
				2642F93525A1F0D5003CB42A /* Debug */,
				2642F93625A1F0D5003CB42A /* Release */,
			);
			defaultConfigurationIsVisible = 0;
			defaultConfigurationName = Release;
		};
		2642F93725A1F0D5003CB42A /* Build configuration list for PBXNativeTarget "MyPump" */ = {
			isa = XCConfigurationList;
			buildConfigurations = (
				2642F93825A1F0D5003CB42A /* Debug */,
				2642F93925A1F0D5003CB42A /* Release */,
			);
			defaultConfigurationIsVisible = 0;
			defaultConfigurationName = Release;
		};
/* End XCConfigurationList section */
	};
	rootObject = 2642F90525A1F0D3003CB42A /* Project object */;
}
